schema: '2.0'
stages:
  data-ingestion:
    cmd: python components/dataIngestion.py
    deps:
    - path: components/dataIngestion.py
      hash: md5
      md5: 0965e2bfb23c9824d759d71b8bcc03d3
      size: 2194
    params:
      params.yaml:
        data-ingestion.random_state: 20
        data-ingestion.test_size: 0.2
    outs:
    - path: data/raw
      hash: md5
      md5: dcc4e474f9e7eb03ac9a288bb7e54fc9.dir
      size: 484834
      nfiles: 2
  data-preprocessing:
    cmd: python components/dataPreprocessing.py
    deps:
    - path: components/dataPreprocessing.py
      hash: md5
      md5: 1f1dde7872fb8488185b75a3e2db2265
      size: 2204
    - path: data/raw
      hash: md5
      md5: dcc4e474f9e7eb03ac9a288bb7e54fc9.dir
      size: 484834
      nfiles: 2
    outs:
    - path: data/interim
      hash: md5
      md5: 300f0655c5d0af32032dbd80de60edaa.dir
      size: 262395
      nfiles: 2
  feature-engineering:
    cmd: python components/featureEngineering.py
    deps:
    - path: components/featureEngineering.py
      hash: md5
      md5: d878471879695053e5b34615bfa4fcc8
      size: 2912
    - path: data/interim
      hash: md5
      md5: 300f0655c5d0af32032dbd80de60edaa.dir
      size: 262395
      nfiles: 2
    params:
      params.yaml:
        feature-engineering.limit: 3000
    outs:
    - path: data/processed
      hash: md5
      md5: e86d3f059c58af53a207d02674ef5957.dir
      size: 64123211
      nfiles: 2
  model-training:
    cmd: python components/modelTraining.py
    deps:
    - path: components/modelTraining.py
      hash: md5
      md5: b927ccfd162b0b4dca03832f8e9f255f
      size: 2340
    - path: data/processed
      hash: md5
      md5: e86d3f059c58af53a207d02674ef5957.dir
      size: 64123211
      nfiles: 2
    params:
      params.yaml:
        model-training.n_estimators: 2
        model-training.random_state: 2
    outs:
    - path: models/random_forest_model.pkl
      hash: md5
      md5: 12b8af69fcd5413a39def114d1021827
      size: 188049
  model-evaluation:
    cmd: python  components/modelEvaluation.py
    deps:
    - path: components/modelEvaluation.py
      hash: md5
      md5: 3160679082e177bb5654fa643ca4d480
      size: 3210
    - path: models/
      hash: md5
      md5: e616039282668fb34920bd3af8766a98.dir
      size: 188049
      nfiles: 1
    outs:
    - path: reports/metrics.json
      hash: md5
      md5: be28a6b8dd043ff0754cbcc2ce15a64f
      size: 127
