schema: '2.0'
stages:
  data-ingestion:
    cmd: python components/dataIngestion.py
    deps:
    - path: components/dataIngestion.py
      hash: md5
      md5: 0965e2bfb23c9824d759d71b8bcc03d3
      size: 2194
    params:
      params.yaml:
        data-ingestion.random_state: 42
        data-ingestion.test_size: 0.2
    outs:
    - path: data/raw
      hash: md5
      md5: 8785640e68096de3f3e2e7b00c82878f.dir
      size: 484834
      nfiles: 2
  data-preprocessing:
    cmd: python components/dataPreprocessing.py
    deps:
    - path: components/dataPreprocessing.py
      hash: md5
      md5: 1f1dde7872fb8488185b75a3e2db2265
      size: 2204
    - path: data/raw
      hash: md5
      md5: 8785640e68096de3f3e2e7b00c82878f.dir
      size: 484834
      nfiles: 2
    outs:
    - path: data/interim
      hash: md5
      md5: f01a0f3654d19020985cfa644bbbfefa.dir
      size: 261897
      nfiles: 2
  feature-engineering:
    cmd: python components/featureEngineering.py
    deps:
    - path: components/featureEngineering.py
      hash: md5
      md5: d878471879695053e5b34615bfa4fcc8
      size: 2912
    - path: data/interim
      hash: md5
      md5: f01a0f3654d19020985cfa644bbbfefa.dir
      size: 261897
      nfiles: 2
    params:
      params.yaml:
        feature-engineering.limit: 8000
    outs:
    - path: data/processed
      hash: md5
      md5: af7debae7a1169cd535e4aac8a8b1e88.dir
      size: 127206424
      nfiles: 2
  model-training:
    cmd: python components/modelTraining.py
    deps:
    - path: components/modelTraining.py
      hash: md5
      md5: b927ccfd162b0b4dca03832f8e9f255f
      size: 2340
    - path: data/processed
      hash: md5
      md5: af7debae7a1169cd535e4aac8a8b1e88.dir
      size: 127206424
      nfiles: 2
    params:
      params.yaml:
        model-training.n_estimators: 22
        model-training.random_state: 42
    outs:
    - path: models/random_forest_model.pkl
      hash: md5
      md5: 7a194669e570c0ff039b6a53d25cbc17
      size: 1186807
  model-evaluation:
    cmd: python  components/modelEvaluation.py
    deps:
    - path: components/modelEvaluation.py
      hash: md5
      md5: 0dedf9810848c216e30f47f59cdebe07
      size: 2427
    - path: models/
      hash: md5
      md5: 1f82f41d174ac297a4b546efb7d3706c.dir
      size: 1186807
      nfiles: 1
    outs:
    - path: reports/metrics.json
      hash: md5
      md5: 3a9c2fb9d77d61988b99c2039331b87b
      size: 111
